
Microsoft Visual Studio Solution File, Format Version 12.00
# Visual Studio 15
VisualStudioVersion = 15.0.28307.271
MinimumVisualStudioVersion = 10.0.40219.1
Project("{8BC9CEB8-8B4A-11D0-8D11-00A0C91BC942}") = "ServerSuites", "ServerSuites\ServerSuites.vcxproj", "{B5C3CE85-142F-4DF9-BD15-6A2B73B828A6}"
EndProject
Project("{8BC9CEB8-8B4A-11D0-8D11-00A0C91BC942}") = "SimplIOCPServer", "SimplIOCPServer\SimplIOCPServer.vcxproj", "{0B6752DF-A4D4-413D-BEDC-80E44CA81CE0}"
EndProject
Project("{8BC9CEB8-8B4A-11D0-8D11-00A0C91BC942}") = "UnitTests", "UnitTests\UnitTests.vcxproj", "{AD19D260-D4E2-48DE-A008-BB6812F6A735}"
EndProject
Global
	GlobalSection(SolutionConfigurationPlatforms) = preSolution
		Debug|x64 = Debug|x64
		Debug|x86 = Debug|x86
		Release|x64 = Release|x64
		Release|x86 = Release|x86
	EndGlobalSection
	GlobalSection(ProjectConfigurationPlatforms) = postSolution
		{B5C3CE85-142F-4DF9-BD15-6A2B73B828A6}.Debug|x64.ActiveCfg = Debug|x64
		{B5C3CE85-142F-4DF9-BD15-6A2B73B828A6}.Debug|x64.Build.0 = Debug|x64
		{B5C3CE85-142F-4DF9-BD15-6A2B73B828A6}.Debug|x86.ActiveCfg = Debug|Win32
		{B5C3CE85-142F-4DF9-BD15-6A2B73B828A6}.Debug|x86.Build.0 = Debug|Win32
		{B5C3CE85-142F-4DF9-BD15-6A2B73B828A6}.Release|x64.ActiveCfg = Release|x64
		{B5C3CE85-142F-4DF9-BD15-6A2B73B828A6}.Release|x64.Build.0 = Release|x64
		{B5C3CE85-142F-4DF9-BD15-6A2B73B828A6}.Release|x86.ActiveCfg = Release|Win32
		{B5C3CE85-142F-4DF9-BD15-6A2B73B828A6}.Release|x86.Build.0 = Release|Win32
		{0B6752DF-A4D4-413D-BEDC-80E44CA81CE0}.Debug|x64.ActiveCfg = Debug|x64
		{0B6752DF-A4D4-413D-BEDC-80E44CA81CE0}.Debug|x64.Build.0 = Debug|x64
		{0B6752DF-A4D4-413D-BEDC-80E44CA81CE0}.Debug|x86.ActiveCfg = Debug|Win32
		{0B6752DF-A4D4-413D-BEDC-80E44CA81CE0}.Debug|x86.Build.0 = Debug|Win32
		{0B6752DF-A4D4-413D-BEDC-80E44CA81CE0}.Release|x64.ActiveCfg = Release|x64
		{0B6752DF-A4D4-413D-BEDC-80E44CA81CE0}.Release|x64.Build.0 = Release|x64
		{0B6752DF-A4D4-413D-BEDC-80E44CA81CE0}.Release|x86.ActiveCfg = Release|Win32
		{0B6752DF-A4D4-413D-BEDC-80E44CA81CE0}.Release|x86.Build.0 = Release|Win32
		{AD19D260-D4E2-48DE-A008-BB6812F6A735}.Debug|x64.ActiveCfg = Debug|x64
		{AD19D260-D4E2-48DE-A008-BB6812F6A735}.Debug|x64.Build.0 = Debug|x64
		{AD19D260-D4E2-48DE-A008-BB6812F6A735}.Debug|x86.ActiveCfg = Debug|Win32
		{AD19D260-D4E2-48DE-A008-BB6812F6A735}.Debug|x86.Build.0 = Debug|Win32
		{AD19D260-D4E2-48DE-A008-BB6812F6A735}.Release|x64.ActiveCfg = Release|x64
		{AD19D260-D4E2-48DE-A008-BB6812F6A735}.Release|x64.Build.0 = Release|x64
		{AD19D260-D4E2-48DE-A008-BB6812F6A735}.Release|x86.ActiveCfg = Release|Win32
		{AD19D260-D4E2-48DE-A008-BB6812F6A735}.Release|x86.Build.0 = Release|Win32
	EndGlobalSection
	GlobalSection(SolutionProperties) = preSolution
		HideSolutionNode = FALSE
	EndGlobalSection
	GlobalSection(ExtensibilityGlobals) = postSolution
		SolutionGuid = {0C9F45B3-71B2-4425-91DB-6D73130BD149}
	EndGlobalSection
EndGlobal
